
Microsoft Visual Studio Solution File, Format Version 12.00
# Visual Studio Version 16
VisualStudioVersion = 16.0.30717.126
MinimumVisualStudioVersion = 10.0.40219.1
Project("{FAE04EC0-301F-11D3-BF4B-00C04F79EFBC}") = "CallCentrum2", "CallCentrum2\CallCentrum2.csproj", "{E6C6E882-8A85-4AB8-92D8-10BAA076FDD2}"
EndProject
Global
	GlobalSection(SolutionConfigurationPlatforms) = preSolution
		Debug|Any CPU = Debug|Any CPU
		Release|Any CPU = Release|Any CPU
	EndGlobalSection
	GlobalSection(ProjectConfigurationPlatforms) = postSolution
		{E6C6E882-8A85-4AB8-92D8-10BAA076FDD2}.Debug|Any CPU.ActiveCfg = Debug|Any CPU
		{E6C6E882-8A85-4AB8-92D8-10BAA076FDD2}.Debug|Any CPU.Build.0 = Debug|Any CPU
		{E6C6E882-8A85-4AB8-92D8-10BAA076FDD2}.Release|Any CPU.ActiveCfg = Release|Any CPU
		{E6C6E882-8A85-4AB8-92D8-10BAA076FDD2}.Release|Any CPU.Build.0 = Release|Any CPU
	EndGlobalSection
	GlobalSection(SolutionProperties) = preSolution
		HideSolutionNode = FALSE
	EndGlobalSection
	GlobalSection(ExtensibilityGlobals) = postSolution
		SolutionGuid = {8D3E970D-82FD-45EA-9A47-41C5218162D5}
	EndGlobalSection
EndGlobal
